
Microsoft Visual Studio Solution File, Format Version 12.00
# Visual Studio Version 17
VisualStudioVersion = 17.4.33403.182
MinimumVisualStudioVersion = 10.0.40219.1
Project("{2150E333-8FDC-42A3-9474-1A3956D46DE8}") = "src", "src", "{F4EC40DC-7445-4DAC-8CE8-773B4159D798}"
EndProject
Project("{2150E333-8FDC-42A3-9474-1A3956D46DE8}") = "Solution Items", "Solution Items", "{E705A6FC-21D1-4380-A5A5-C0413C3E6E04}"
	ProjectSection(SolutionItems) = preProject
		SourceUrls.txt = SourceUrls.txt
	EndProjectSection
EndProject
Project("{2150E333-8FDC-42A3-9474-1A3956D46DE8}") = "ApiGateways", "ApiGateways", "{4F58B91A-930E-4A14-8F2D-B296526C11E2}"
EndProject
Project("{2150E333-8FDC-42A3-9474-1A3956D46DE8}") = "BuildingBlocks", "BuildingBlocks", "{0581B4D2-57B6-4B96-88DA-86204B990E8D}"
EndProject
Project("{2150E333-8FDC-42A3-9474-1A3956D46DE8}") = "Services", "Services", "{96BAFB13-CA7D-45C7-9BD4-1FB812073D5C}"
EndProject
Project("{2150E333-8FDC-42A3-9474-1A3956D46DE8}") = "WebApiGateway", "WebApiGateway", "{EAFCB02E-7FDB-4F45-ABFD-4DA84402FAEF}"
EndProject
Project("{9A19103F-16F7-4668-BE54-9A1E7A4F7556}") = "Web.ApiGateway", "src\ApiGateways\WebApiGateway\Web.ApiGateway\Web.ApiGateway.csproj", "{B597E915-1BAB-43E8-870F-2DA6A45A4CCC}"
EndProject
Project("{2150E333-8FDC-42A3-9474-1A3956D46DE8}") = "EventBus", "EventBus", "{5136C4DB-0B5D-47C9-9695-48E04A32BA85}"
EndProject
Project("{9A19103F-16F7-4668-BE54-9A1E7A4F7556}") = "EventBus.Base", "src\BuildingBlocks\EventBus\EventBus.Base\EventBus.Base.csproj", "{57440F59-8771-4A7F-B7CF-185D5A2E9701}"
EndProject
Project("{9A19103F-16F7-4668-BE54-9A1E7A4F7556}") = "EventBus.Factory", "src\BuildingBlocks\EventBus\EventBus.Factory\EventBus.Factory.csproj", "{B0A61CF6-767B-436B-9D7D-8BFE5D6FC8A9}"
EndProject
Project("{9A19103F-16F7-4668-BE54-9A1E7A4F7556}") = "EventBus.AzureServiceBus", "src\BuildingBlocks\EventBus\EventBus.AzureServiceBus\EventBus.AzureServiceBus.csproj", "{AD4369F6-0219-4CA8-9467-6ED4574CCF17}"
EndProject
Project("{9A19103F-16F7-4668-BE54-9A1E7A4F7556}") = "EventBus.RabbitMQ", "src\BuildingBlocks\EventBus\EventBus.RabbitMQ\EventBus.RabbitMQ.csproj", "{97F7DB5B-D6F1-4BF0-A11D-C7278EE94731}"
EndProject
Project("{2150E333-8FDC-42A3-9474-1A3956D46DE8}") = "Clients", "Clients", "{6286D2F8-3048-4021-A5E4-062D0A14B413}"
EndProject
Project("{2150E333-8FDC-42A3-9474-1A3956D46DE8}") = "BlazorWebApp", "BlazorWebApp", "{1C099E87-56CA-4F9B-B5A9-AA5564BCE973}"
EndProject
Project("{9A19103F-16F7-4668-BE54-9A1E7A4F7556}") = "WebApp", "src\Clients\BlazorWebApp\WebApp\WebApp.csproj", "{FCFC38A0-C2E9-42D7-A28B-37A93DDF1079}"
EndProject
Project("{2150E333-8FDC-42A3-9474-1A3956D46DE8}") = "BasketService", "BasketService", "{5530E3CA-476C-4984-BFD5-B48C3EC88601}"
EndProject
Project("{9A19103F-16F7-4668-BE54-9A1E7A4F7556}") = "BasketService.Api", "src\Services\BasketService\BasketService.Api\BasketService.Api.csproj", "{10A58CF2-1161-4E7C-959C-444EFBD26059}"
EndProject
Project("{2150E333-8FDC-42A3-9474-1A3956D46DE8}") = "CatalogService", "CatalogService", "{FE2549A5-7738-4E50-A29A-C02763721FE1}"
EndProject
Project("{9A19103F-16F7-4668-BE54-9A1E7A4F7556}") = "CatalogService.Api", "src\Services\CatalogService\CatalogService.Api\CatalogService.Api.csproj", "{5EA85101-7561-46B9-9492-56A142603A13}"
EndProject
Project("{2150E333-8FDC-42A3-9474-1A3956D46DE8}") = "IdentityService", "IdentityService", "{0FC026F3-0222-4DA4-AD72-A59CA6FDA74B}"
EndProject
Project("{9A19103F-16F7-4668-BE54-9A1E7A4F7556}") = "IdentityService.Api", "src\Services\IdentityService\IdentityService.Api\IdentityService.Api.csproj", "{5D3723C0-2BB0-4215-AF80-016B13993D96}"
EndProject
Project("{2150E333-8FDC-42A3-9474-1A3956D46DE8}") = "NotificationService", "NotificationService", "{B5C0E4BB-BCBA-42DE-87D0-2C19570BA178}"
EndProject
Project("{9A19103F-16F7-4668-BE54-9A1E7A4F7556}") = "NotificationService", "src\Services\NotificationService\NotificationService\NotificationService.csproj", "{B0E4FBED-37AE-4EB0-A6A0-2A7FD2EDB5A3}"
EndProject
Project("{2150E333-8FDC-42A3-9474-1A3956D46DE8}") = "OrderService", "OrderService", "{C270D3B0-2935-4A94-8AA2-FC15650D3F6B}"
EndProject
Project("{9A19103F-16F7-4668-BE54-9A1E7A4F7556}") = "OrderService.Api", "src\Services\OrderService\OrderService.Api\OrderService.Api.csproj", "{6DA37BBA-1625-4B2F-B2D7-D98A79DAAA1E}"
EndProject
Project("{9A19103F-16F7-4668-BE54-9A1E7A4F7556}") = "OrderService.Domain", "src\Services\OrderService\OrderService.Domain\OrderService.Domain.csproj", "{FBFC11AF-4E7A-4ACD-8D21-876DDAC3D945}"
EndProject
Project("{9A19103F-16F7-4668-BE54-9A1E7A4F7556}") = "OrderService.Application", "src\Services\OrderService\OrderService.Application\OrderService.Application.csproj", "{22F0E3BE-0A67-486D-9E83-467836B19CA7}"
EndProject
Project("{9A19103F-16F7-4668-BE54-9A1E7A4F7556}") = "OrderService.Infrastructure", "src\Services\OrderService\OrderService.Infrastructure\OrderService.Infrastructure.csproj", "{A54AAE9F-02D9-40FF-BE11-0A15FC033A9B}"
EndProject
Project("{2150E333-8FDC-42A3-9474-1A3956D46DE8}") = "PaymentService", "PaymentService", "{43F67AC4-10DA-4051-B87C-F49CBC099BEC}"
EndProject
Project("{9A19103F-16F7-4668-BE54-9A1E7A4F7556}") = "PaymentService.Api", "src\Services\PaymentService\PaymentService.Api\PaymentService.Api.csproj", "{98A857C0-A4E7-45D8-B12D-3032229DF6A4}"
EndProject
Project("{2150E333-8FDC-42A3-9474-1A3956D46DE8}") = "docker-compose-files", "docker-compose-files", "{8B519632-DDD2-46D2-ABB4-B41D2C969F8F}"
EndProject
Project("{2150E333-8FDC-42A3-9474-1A3956D46DE8}") = "consul", "consul", "{CA2B0967-EF11-4E58-8924-1E9195D824A2}"
	ProjectSection(SolutionItems) = preProject
		docker-compose-files\consul\docker-compose.yml = docker-compose-files\consul\docker-compose.yml
	EndProjectSection
EndProject
Project("{2150E333-8FDC-42A3-9474-1A3956D46DE8}") = "rabbitmq", "rabbitmq", "{40008578-167D-44F3-8C90-D1E99A87A6EF}"
	ProjectSection(SolutionItems) = preProject
		docker-compose-files\rabbitmq\docker-compose.yml = docker-compose-files\rabbitmq\docker-compose.yml
	EndProjectSection
EndProject
Project("{2150E333-8FDC-42A3-9474-1A3956D46DE8}") = "redis", "redis", "{FB0162DB-14A0-4693-86A6-B4BB7968C9A2}"
	ProjectSection(SolutionItems) = preProject
		docker-compose-files\redis\docker-compose.yml = docker-compose-files\redis\docker-compose.yml
	EndProjectSection
EndProject
Project("{2150E333-8FDC-42A3-9474-1A3956D46DE8}") = "sqlserver", "sqlserver", "{F5C568C0-5459-4748-A890-A8723580DBE5}"
	ProjectSection(SolutionItems) = preProject
		docker-compose-files\sqlserver\docker-compose.yml = docker-compose-files\sqlserver\docker-compose.yml
	EndProjectSection
EndProject
Global
	GlobalSection(SolutionConfigurationPlatforms) = preSolution
		Debug|Any CPU = Debug|Any CPU
		Release|Any CPU = Release|Any CPU
	EndGlobalSection
	GlobalSection(ProjectConfigurationPlatforms) = postSolution
		{B597E915-1BAB-43E8-870F-2DA6A45A4CCC}.Debug|Any CPU.ActiveCfg = Debug|Any CPU
		{B597E915-1BAB-43E8-870F-2DA6A45A4CCC}.Debug|Any CPU.Build.0 = Debug|Any CPU
		{B597E915-1BAB-43E8-870F-2DA6A45A4CCC}.Release|Any CPU.ActiveCfg = Release|Any CPU
		{B597E915-1BAB-43E8-870F-2DA6A45A4CCC}.Release|Any CPU.Build.0 = Release|Any CPU
		{57440F59-8771-4A7F-B7CF-185D5A2E9701}.Debug|Any CPU.ActiveCfg = Debug|Any CPU
		{57440F59-8771-4A7F-B7CF-185D5A2E9701}.Debug|Any CPU.Build.0 = Debug|Any CPU
		{57440F59-8771-4A7F-B7CF-185D5A2E9701}.Release|Any CPU.ActiveCfg = Release|Any CPU
		{57440F59-8771-4A7F-B7CF-185D5A2E9701}.Release|Any CPU.Build.0 = Release|Any CPU
		{B0A61CF6-767B-436B-9D7D-8BFE5D6FC8A9}.Debug|Any CPU.ActiveCfg = Debug|Any CPU
		{B0A61CF6-767B-436B-9D7D-8BFE5D6FC8A9}.Debug|Any CPU.Build.0 = Debug|Any CPU
		{B0A61CF6-767B-436B-9D7D-8BFE5D6FC8A9}.Release|Any CPU.ActiveCfg = Release|Any CPU
		{B0A61CF6-767B-436B-9D7D-8BFE5D6FC8A9}.Release|Any CPU.Build.0 = Release|Any CPU
		{AD4369F6-0219-4CA8-9467-6ED4574CCF17}.Debug|Any CPU.ActiveCfg = Debug|Any CPU
		{AD4369F6-0219-4CA8-9467-6ED4574CCF17}.Debug|Any CPU.Build.0 = Debug|Any CPU
		{AD4369F6-0219-4CA8-9467-6ED4574CCF17}.Release|Any CPU.ActiveCfg = Release|Any CPU
		{AD4369F6-0219-4CA8-9467-6ED4574CCF17}.Release|Any CPU.Build.0 = Release|Any CPU
		{97F7DB5B-D6F1-4BF0-A11D-C7278EE94731}.Debug|Any CPU.ActiveCfg = Debug|Any CPU
		{97F7DB5B-D6F1-4BF0-A11D-C7278EE94731}.Debug|Any CPU.Build.0 = Debug|Any CPU
		{97F7DB5B-D6F1-4BF0-A11D-C7278EE94731}.Release|Any CPU.ActiveCfg = Release|Any CPU
		{97F7DB5B-D6F1-4BF0-A11D-C7278EE94731}.Release|Any CPU.Build.0 = Release|Any CPU
		{FCFC38A0-C2E9-42D7-A28B-37A93DDF1079}.Debug|Any CPU.ActiveCfg = Debug|Any CPU
		{FCFC38A0-C2E9-42D7-A28B-37A93DDF1079}.Debug|Any CPU.Build.0 = Debug|Any CPU
		{FCFC38A0-C2E9-42D7-A28B-37A93DDF1079}.Release|Any CPU.ActiveCfg = Release|Any CPU
		{FCFC38A0-C2E9-42D7-A28B-37A93DDF1079}.Release|Any CPU.Build.0 = Release|Any CPU
		{10A58CF2-1161-4E7C-959C-444EFBD26059}.Debug|Any CPU.ActiveCfg = Debug|Any CPU
		{10A58CF2-1161-4E7C-959C-444EFBD26059}.Debug|Any CPU.Build.0 = Debug|Any CPU
		{10A58CF2-1161-4E7C-959C-444EFBD26059}.Release|Any CPU.ActiveCfg = Release|Any CPU
		{10A58CF2-1161-4E7C-959C-444EFBD26059}.Release|Any CPU.Build.0 = Release|Any CPU
		{5EA85101-7561-46B9-9492-56A142603A13}.Debug|Any CPU.ActiveCfg = Debug|Any CPU
		{5EA85101-7561-46B9-9492-56A142603A13}.Debug|Any CPU.Build.0 = Debug|Any CPU
		{5EA85101-7561-46B9-9492-56A142603A13}.Release|Any CPU.ActiveCfg = Release|Any CPU
		{5EA85101-7561-46B9-9492-56A142603A13}.Release|Any CPU.Build.0 = Release|Any CPU
		{5D3723C0-2BB0-4215-AF80-016B13993D96}.Debug|Any CPU.ActiveCfg = Debug|Any CPU
		{5D3723C0-2BB0-4215-AF80-016B13993D96}.Debug|Any CPU.Build.0 = Debug|Any CPU
		{5D3723C0-2BB0-4215-AF80-016B13993D96}.Release|Any CPU.ActiveCfg = Release|Any CPU
		{5D3723C0-2BB0-4215-AF80-016B13993D96}.Release|Any CPU.Build.0 = Release|Any CPU
		{B0E4FBED-37AE-4EB0-A6A0-2A7FD2EDB5A3}.Debug|Any CPU.ActiveCfg = Debug|Any CPU
		{B0E4FBED-37AE-4EB0-A6A0-2A7FD2EDB5A3}.Debug|Any CPU.Build.0 = Debug|Any CPU
		{B0E4FBED-37AE-4EB0-A6A0-2A7FD2EDB5A3}.Release|Any CPU.ActiveCfg = Release|Any CPU
		{B0E4FBED-37AE-4EB0-A6A0-2A7FD2EDB5A3}.Release|Any CPU.Build.0 = Release|Any CPU
		{6DA37BBA-1625-4B2F-B2D7-D98A79DAAA1E}.Debug|Any CPU.ActiveCfg = Debug|Any CPU
		{6DA37BBA-1625-4B2F-B2D7-D98A79DAAA1E}.Debug|Any CPU.Build.0 = Debug|Any CPU
		{6DA37BBA-1625-4B2F-B2D7-D98A79DAAA1E}.Release|Any CPU.ActiveCfg = Release|Any CPU
		{6DA37BBA-1625-4B2F-B2D7-D98A79DAAA1E}.Release|Any CPU.Build.0 = Release|Any CPU
		{FBFC11AF-4E7A-4ACD-8D21-876DDAC3D945}.Debug|Any CPU.ActiveCfg = Debug|Any CPU
		{FBFC11AF-4E7A-4ACD-8D21-876DDAC3D945}.Debug|Any CPU.Build.0 = Debug|Any CPU
		{FBFC11AF-4E7A-4ACD-8D21-876DDAC3D945}.Release|Any CPU.ActiveCfg = Release|Any CPU
		{FBFC11AF-4E7A-4ACD-8D21-876DDAC3D945}.Release|Any CPU.Build.0 = Release|Any CPU
		{22F0E3BE-0A67-486D-9E83-467836B19CA7}.Debug|Any CPU.ActiveCfg = Debug|Any CPU
		{22F0E3BE-0A67-486D-9E83-467836B19CA7}.Debug|Any CPU.Build.0 = Debug|Any CPU
		{22F0E3BE-0A67-486D-9E83-467836B19CA7}.Release|Any CPU.ActiveCfg = Release|Any CPU
		{22F0E3BE-0A67-486D-9E83-467836B19CA7}.Release|Any CPU.Build.0 = Release|Any CPU
		{A54AAE9F-02D9-40FF-BE11-0A15FC033A9B}.Debug|Any CPU.ActiveCfg = Debug|Any CPU
		{A54AAE9F-02D9-40FF-BE11-0A15FC033A9B}.Debug|Any CPU.Build.0 = Debug|Any CPU
		{A54AAE9F-02D9-40FF-BE11-0A15FC033A9B}.Release|Any CPU.ActiveCfg = Release|Any CPU
		{A54AAE9F-02D9-40FF-BE11-0A15FC033A9B}.Release|Any CPU.Build.0 = Release|Any CPU
		{98A857C0-A4E7-45D8-B12D-3032229DF6A4}.Debug|Any CPU.ActiveCfg = Debug|Any CPU
		{98A857C0-A4E7-45D8-B12D-3032229DF6A4}.Debug|Any CPU.Build.0 = Debug|Any CPU
		{98A857C0-A4E7-45D8-B12D-3032229DF6A4}.Release|Any CPU.ActiveCfg = Release|Any CPU
		{98A857C0-A4E7-45D8-B12D-3032229DF6A4}.Release|Any CPU.Build.0 = Release|Any CPU
	EndGlobalSection
	GlobalSection(SolutionProperties) = preSolution
		HideSolutionNode = FALSE
	EndGlobalSection
	GlobalSection(NestedProjects) = preSolution
		{4F58B91A-930E-4A14-8F2D-B296526C11E2} = {F4EC40DC-7445-4DAC-8CE8-773B4159D798}
		{0581B4D2-57B6-4B96-88DA-86204B990E8D} = {F4EC40DC-7445-4DAC-8CE8-773B4159D798}
		{96BAFB13-CA7D-45C7-9BD4-1FB812073D5C} = {F4EC40DC-7445-4DAC-8CE8-773B4159D798}
		{EAFCB02E-7FDB-4F45-ABFD-4DA84402FAEF} = {4F58B91A-930E-4A14-8F2D-B296526C11E2}
		{B597E915-1BAB-43E8-870F-2DA6A45A4CCC} = {EAFCB02E-7FDB-4F45-ABFD-4DA84402FAEF}
		{5136C4DB-0B5D-47C9-9695-48E04A32BA85} = {0581B4D2-57B6-4B96-88DA-86204B990E8D}
		{57440F59-8771-4A7F-B7CF-185D5A2E9701} = {5136C4DB-0B5D-47C9-9695-48E04A32BA85}
		{B0A61CF6-767B-436B-9D7D-8BFE5D6FC8A9} = {5136C4DB-0B5D-47C9-9695-48E04A32BA85}
		{AD4369F6-0219-4CA8-9467-6ED4574CCF17} = {5136C4DB-0B5D-47C9-9695-48E04A32BA85}
		{97F7DB5B-D6F1-4BF0-A11D-C7278EE94731} = {5136C4DB-0B5D-47C9-9695-48E04A32BA85}
		{6286D2F8-3048-4021-A5E4-062D0A14B413} = {F4EC40DC-7445-4DAC-8CE8-773B4159D798}
		{1C099E87-56CA-4F9B-B5A9-AA5564BCE973} = {6286D2F8-3048-4021-A5E4-062D0A14B413}
		{FCFC38A0-C2E9-42D7-A28B-37A93DDF1079} = {1C099E87-56CA-4F9B-B5A9-AA5564BCE973}
		{5530E3CA-476C-4984-BFD5-B48C3EC88601} = {96BAFB13-CA7D-45C7-9BD4-1FB812073D5C}
		{10A58CF2-1161-4E7C-959C-444EFBD26059} = {5530E3CA-476C-4984-BFD5-B48C3EC88601}
		{FE2549A5-7738-4E50-A29A-C02763721FE1} = {96BAFB13-CA7D-45C7-9BD4-1FB812073D5C}
		{5EA85101-7561-46B9-9492-56A142603A13} = {FE2549A5-7738-4E50-A29A-C02763721FE1}
		{0FC026F3-0222-4DA4-AD72-A59CA6FDA74B} = {96BAFB13-CA7D-45C7-9BD4-1FB812073D5C}
		{5D3723C0-2BB0-4215-AF80-016B13993D96} = {0FC026F3-0222-4DA4-AD72-A59CA6FDA74B}
		{B5C0E4BB-BCBA-42DE-87D0-2C19570BA178} = {96BAFB13-CA7D-45C7-9BD4-1FB812073D5C}
		{B0E4FBED-37AE-4EB0-A6A0-2A7FD2EDB5A3} = {B5C0E4BB-BCBA-42DE-87D0-2C19570BA178}
		{C270D3B0-2935-4A94-8AA2-FC15650D3F6B} = {96BAFB13-CA7D-45C7-9BD4-1FB812073D5C}
		{6DA37BBA-1625-4B2F-B2D7-D98A79DAAA1E} = {C270D3B0-2935-4A94-8AA2-FC15650D3F6B}
		{FBFC11AF-4E7A-4ACD-8D21-876DDAC3D945} = {C270D3B0-2935-4A94-8AA2-FC15650D3F6B}
		{22F0E3BE-0A67-486D-9E83-467836B19CA7} = {C270D3B0-2935-4A94-8AA2-FC15650D3F6B}
		{A54AAE9F-02D9-40FF-BE11-0A15FC033A9B} = {C270D3B0-2935-4A94-8AA2-FC15650D3F6B}
		{43F67AC4-10DA-4051-B87C-F49CBC099BEC} = {96BAFB13-CA7D-45C7-9BD4-1FB812073D5C}
		{98A857C0-A4E7-45D8-B12D-3032229DF6A4} = {43F67AC4-10DA-4051-B87C-F49CBC099BEC}
		{CA2B0967-EF11-4E58-8924-1E9195D824A2} = {8B519632-DDD2-46D2-ABB4-B41D2C969F8F}
		{40008578-167D-44F3-8C90-D1E99A87A6EF} = {8B519632-DDD2-46D2-ABB4-B41D2C969F8F}
		{FB0162DB-14A0-4693-86A6-B4BB7968C9A2} = {8B519632-DDD2-46D2-ABB4-B41D2C969F8F}
		{F5C568C0-5459-4748-A890-A8723580DBE5} = {8B519632-DDD2-46D2-ABB4-B41D2C969F8F}
	EndGlobalSection
	GlobalSection(ExtensibilityGlobals) = postSolution
		SolutionGuid = {A8A9C46C-BCCA-415A-9F06-7339DE1DB5F9}
	EndGlobalSection
EndGlobal
